
Microsoft Visual Studio Solution File, Format Version 12.00
# Visual Studio Version 16
VisualStudioVersion = 16.0.31321.278
MinimumVisualStudioVersion = 10.0.40219.1
Project("{FAE04EC0-301F-11D3-BF4B-00C04F79EFBC}") = "Domain", "Domain\Domain.csproj", "{4D2F4B8B-57F4-4F22-AF58-DAB08F5D7DA6}"
EndProject
Project("{FAE04EC0-301F-11D3-BF4B-00C04F79EFBC}") = "Api", "Api\Api.csproj", "{DE6F4CE6-2D6D-4202-9F47-DAF5D360ECEA}"
EndProject
Global
	GlobalSection(SolutionConfigurationPlatforms) = preSolution
		Debug|Any CPU = Debug|Any CPU
		Release|Any CPU = Release|Any CPU
	EndGlobalSection
	GlobalSection(ProjectConfigurationPlatforms) = postSolution
		{4D2F4B8B-57F4-4F22-AF58-DAB08F5D7DA6}.Debug|Any CPU.ActiveCfg = Debug|Any CPU
		{4D2F4B8B-57F4-4F22-AF58-DAB08F5D7DA6}.Debug|Any CPU.Build.0 = Debug|Any CPU
		{4D2F4B8B-57F4-4F22-AF58-DAB08F5D7DA6}.Release|Any CPU.ActiveCfg = Release|Any CPU
		{4D2F4B8B-57F4-4F22-AF58-DAB08F5D7DA6}.Release|Any CPU.Build.0 = Release|Any CPU
		{DE6F4CE6-2D6D-4202-9F47-DAF5D360ECEA}.Debug|Any CPU.ActiveCfg = Debug|Any CPU
		{DE6F4CE6-2D6D-4202-9F47-DAF5D360ECEA}.Debug|Any CPU.Build.0 = Debug|Any CPU
		{DE6F4CE6-2D6D-4202-9F47-DAF5D360ECEA}.Release|Any CPU.ActiveCfg = Release|Any CPU
		{DE6F4CE6-2D6D-4202-9F47-DAF5D360ECEA}.Release|Any CPU.Build.0 = Release|Any CPU
	EndGlobalSection
	GlobalSection(SolutionProperties) = preSolution
		HideSolutionNode = FALSE
	EndGlobalSection
	GlobalSection(ExtensibilityGlobals) = postSolution
		SolutionGuid = {3D634247-94C7-4473-83B0-E05DF6BC1ABB}
	EndGlobalSection
EndGlobal
